
Microsoft Visual Studio Solution File, Format Version 12.00
# Visual Studio Version 17
VisualStudioVersion = 17.11.35222.181
MinimumVisualStudioVersion = 10.0.40219.1
Project("{FAE04EC0-301F-11D3-BF4B-00C04F79EFBC}") = "YanisAoukiliHangMan", "YanisAoukiliHangMan\YanisAoukiliHangMan.csproj", "{0A87969B-5D9D-4164-A8F0-F009D7333429}"
EndProject
Global
	GlobalSection(SolutionConfigurationPlatforms) = preSolution
		Debug|Any CPU = Debug|Any CPU
		Release|Any CPU = Release|Any CPU
	EndGlobalSection
	GlobalSection(ProjectConfigurationPlatforms) = postSolution
		{0A87969B-5D9D-4164-A8F0-F009D7333429}.Debug|Any CPU.ActiveCfg = Debug|Any CPU
		{0A87969B-5D9D-4164-A8F0-F009D7333429}.Debug|Any CPU.Build.0 = Debug|Any CPU
		{0A87969B-5D9D-4164-A8F0-F009D7333429}.Release|Any CPU.ActiveCfg = Release|Any CPU
		{0A87969B-5D9D-4164-A8F0-F009D7333429}.Release|Any CPU.Build.0 = Release|Any CPU
	EndGlobalSection
	GlobalSection(SolutionProperties) = preSolution
		HideSolutionNode = FALSE
	EndGlobalSection
	GlobalSection(ExtensibilityGlobals) = postSolution
		SolutionGuid = {B6B544E6-DD87-41A7-81BF-CF1983631E42}
	EndGlobalSection
EndGlobal
